
Microsoft Visual Studio Solution File, Format Version 12.00
# Visual Studio Version 17
VisualStudioVersion = 17.11.35327.3
MinimumVisualStudioVersion = 10.0.40219.1
Project("{2150E333-8FDC-42A3-9474-1A3956D46DE8}") = "src", "src", "{48156121-B183-461D-AF3F-ECF9D2C107C2}"
EndProject
Project("{2150E333-8FDC-42A3-9474-1A3956D46DE8}") = "test", "test", "{4D285BD5-039E-479B-A082-C428D837C49F}"
EndProject
Project("{2150E333-8FDC-42A3-9474-1A3956D46DE8}") = "API", "API", "{1C17139D-179E-4A8E-B73B-0DBB91CE1661}"
EndProject
Project("{2150E333-8FDC-42A3-9474-1A3956D46DE8}") = "Core", "Core", "{3F8250F1-2FEF-42A7-B7C3-A9FBEC2191A9}"
EndProject
Project("{FAE04EC0-301F-11D3-BF4B-00C04F79EFBC}") = "Blog.API", "Blog.API\Blog.API.csproj", "{A0C15CE7-6D29-40D7-B628-20E44906D770}"
EndProject
Global
	GlobalSection(SolutionConfigurationPlatforms) = preSolution
		Debug|Any CPU = Debug|Any CPU
		Release|Any CPU = Release|Any CPU
	EndGlobalSection
	GlobalSection(ProjectConfigurationPlatforms) = postSolution
		{A0C15CE7-6D29-40D7-B628-20E44906D770}.Debug|Any CPU.ActiveCfg = Debug|Any CPU
		{A0C15CE7-6D29-40D7-B628-20E44906D770}.Debug|Any CPU.Build.0 = Debug|Any CPU
		{A0C15CE7-6D29-40D7-B628-20E44906D770}.Release|Any CPU.ActiveCfg = Release|Any CPU
		{A0C15CE7-6D29-40D7-B628-20E44906D770}.Release|Any CPU.Build.0 = Release|Any CPU
	EndGlobalSection
	GlobalSection(SolutionProperties) = preSolution
		HideSolutionNode = FALSE
	EndGlobalSection
	GlobalSection(NestedProjects) = preSolution
		{1C17139D-179E-4A8E-B73B-0DBB91CE1661} = {48156121-B183-461D-AF3F-ECF9D2C107C2}
		{3F8250F1-2FEF-42A7-B7C3-A9FBEC2191A9} = {48156121-B183-461D-AF3F-ECF9D2C107C2}
		{A0C15CE7-6D29-40D7-B628-20E44906D770} = {1C17139D-179E-4A8E-B73B-0DBB91CE1661}
	EndGlobalSection
	GlobalSection(ExtensibilityGlobals) = postSolution
		SolutionGuid = {749C17AE-BF64-4D94-AB9A-8E9B59E1C3D8}
	EndGlobalSection
EndGlobal
